
Microsoft Visual Studio Solution File, Format Version 12.00
# Visual Studio Version 16
VisualStudioVersion = 16.0.31025.194
MinimumVisualStudioVersion = 10.0.40219.1
Project("{FAE04EC0-301F-11D3-BF4B-00C04F79EFBC}") = "TrashCollector", "TrashCollector\TrashCollector.csproj", "{1267CF3B-DD18-4919-BDB3-B494937CB65F}"
EndProject
Global
	GlobalSection(SolutionConfigurationPlatforms) = preSolution
		Debug|Any CPU = Debug|Any CPU
		Release|Any CPU = Release|Any CPU
	EndGlobalSection
	GlobalSection(ProjectConfigurationPlatforms) = postSolution
		{1267CF3B-DD18-4919-BDB3-B494937CB65F}.Debug|Any CPU.ActiveCfg = Debug|Any CPU
		{1267CF3B-DD18-4919-BDB3-B494937CB65F}.Debug|Any CPU.Build.0 = Debug|Any CPU
		{1267CF3B-DD18-4919-BDB3-B494937CB65F}.Release|Any CPU.ActiveCfg = Release|Any CPU
		{1267CF3B-DD18-4919-BDB3-B494937CB65F}.Release|Any CPU.Build.0 = Release|Any CPU
	EndGlobalSection
	GlobalSection(SolutionProperties) = preSolution
		HideSolutionNode = FALSE
	EndGlobalSection
	GlobalSection(ExtensibilityGlobals) = postSolution
		SolutionGuid = {7257FBC5-9D6D-4DCE-ABAC-BED23408FBB3}
	EndGlobalSection
EndGlobal
